// !$*UTF8*$!
{
	archiveVersion = 1;
	classes = {
	};
	objectVersion = 56;
	objects = {

/* Begin PBXBuildFile section */
		C21E3B0F2A2DA507003773A8 /* AppDelegate.swift in Sources */ = {isa = PBXBuildFile; fileRef = C21E3B0E2A2DA507003773A8 /* AppDelegate.swift */; };
		C21E3B112A2DA507003773A8 /* SceneDelegate.swift in Sources */ = {isa = PBXBuildFile; fileRef = C21E3B102A2DA507003773A8 /* SceneDelegate.swift */; };
		C21E3B162A2DA507003773A8 /* Main.storyboard in Resources */ = {isa = PBXBuildFile; fileRef = C21E3B142A2DA507003773A8 /* Main.storyboard */; };
		C21E3B182A2DA508003773A8 /* Assets.xcassets in Resources */ = {isa = PBXBuildFile; fileRef = C21E3B172A2DA508003773A8 /* Assets.xcassets */; };
		C21E3B1B2A2DA508003773A8 /* LaunchScreen.storyboard in Resources */ = {isa = PBXBuildFile; fileRef = C21E3B192A2DA508003773A8 /* LaunchScreen.storyboard */; };
		C21E3B262A2DA508003773A8 /* DessertDisplayerTests.swift in Sources */ = {isa = PBXBuildFile; fileRef = C21E3B252A2DA508003773A8 /* DessertDisplayerTests.swift */; };
		C21E3B302A2DA508003773A8 /* DessertDisplayerUITests.swift in Sources */ = {isa = PBXBuildFile; fileRef = C21E3B2F2A2DA508003773A8 /* DessertDisplayerUITests.swift */; };
		C21E3B322A2DA508003773A8 /* DessertDisplayerUITestsLaunchTests.swift in Sources */ = {isa = PBXBuildFile; fileRef = C21E3B312A2DA508003773A8 /* DessertDisplayerUITestsLaunchTests.swift */; };
		C21E3B3F2A2DA60D003773A8 /* TheMealAPI.swift in Sources */ = {isa = PBXBuildFile; fileRef = C21E3B3E2A2DA60D003773A8 /* TheMealAPI.swift */; };
		C21E3B432A2EDEC3003773A8 /* MealListVC.swift in Sources */ = {isa = PBXBuildFile; fileRef = C21E3B422A2EDEC3003773A8 /* MealListVC.swift */; };
		C2C7CB432A31AD35007A4AF6 /* InstructionVC.swift in Sources */ = {isa = PBXBuildFile; fileRef = C2C7CB422A31AD35007A4AF6 /* InstructionVC.swift */; };
		C2F5929B2A2FF95F00A4CFE3 /* MealVC.swift in Sources */ = {isa = PBXBuildFile; fileRef = C2F5929A2A2FF95F00A4CFE3 /* MealVC.swift */; };
/* End PBXBuildFile section */

/* Begin PBXContainerItemProxy section */
		C21E3B222A2DA508003773A8 /* PBXContainerItemProxy */ = {
			isa = PBXContainerItemProxy;
			containerPortal = C21E3B032A2DA507003773A8 /* Project object */;
			proxyType = 1;
			remoteGlobalIDString = C21E3B0A2A2DA507003773A8;
			remoteInfo = DessertDisplayer;
		};
		C21E3B2C2A2DA508003773A8 /* PBXContainerItemProxy */ = {
			isa = PBXContainerItemProxy;
			containerPortal = C21E3B032A2DA507003773A8 /* Project object */;
			proxyType = 1;
			remoteGlobalIDString = C21E3B0A2A2DA507003773A8;
			remoteInfo = DessertDisplayer;
		};
/* End PBXContainerItemProxy section */

/* Begin PBXFileReference section */
		C21E3B0B2A2DA507003773A8 /* DessertDisplayer.app */ = {isa = PBXFileReference; explicitFileType = wrapper.application; includeInIndex = 0; path = DessertDisplayer.app; sourceTree = BUILT_PRODUCTS_DIR; };
		C21E3B0E2A2DA507003773A8 /* AppDelegate.swift */ = {isa = PBXFileReference; lastKnownFileType = sourcecode.swift; path = AppDelegate.swift; sourceTree = "<group>"; };
		C21E3B102A2DA507003773A8 /* SceneDelegate.swift */ = {isa = PBXFileReference; lastKnownFileType = sourcecode.swift; path = SceneDelegate.swift; sourceTree = "<group>"; };
		C21E3B152A2DA507003773A8 /* Base */ = {isa = PBXFileReference; lastKnownFileType = file.storyboard; name = Base; path = Base.lproj/Main.storyboard; sourceTree = "<group>"; };
		C21E3B172A2DA508003773A8 /* Assets.xcassets */ = {isa = PBXFileReference; lastKnownFileType = folder.assetcatalog; path = Assets.xcassets; sourceTree = "<group>"; };
		C21E3B1A2A2DA508003773A8 /* Base */ = {isa = PBXFileReference; lastKnownFileType = file.storyboard; name = Base; path = Base.lproj/LaunchScreen.storyboard; sourceTree = "<group>"; };
		C21E3B1C2A2DA508003773A8 /* Info.plist */ = {isa = PBXFileReference; lastKnownFileType = text.plist.xml; path = Info.plist; sourceTree = "<group>"; };
		C21E3B212A2DA508003773A8 /* DessertDisplayerTests.xctest */ = {isa = PBXFileReference; explicitFileType = wrapper.cfbundle; includeInIndex = 0; path = DessertDisplayerTests.xctest; sourceTree = BUILT_PRODUCTS_DIR; };
		C21E3B252A2DA508003773A8 /* DessertDisplayerTests.swift */ = {isa = PBXFileReference; lastKnownFileType = sourcecode.swift; path = DessertDisplayerTests.swift; sourceTree = "<group>"; };
		C21E3B2B2A2DA508003773A8 /* DessertDisplayerUITests.xctest */ = {isa = PBXFileReference; explicitFileType = wrapper.cfbundle; includeInIndex = 0; path = DessertDisplayerUITests.xctest; sourceTree = BUILT_PRODUCTS_DIR; };
		C21E3B2F2A2DA508003773A8 /* DessertDisplayerUITests.swift */ = {isa = PBXFileReference; lastKnownFileType = sourcecode.swift; path = DessertDisplayerUITests.swift; sourceTree = "<group>"; };
		C21E3B312A2DA508003773A8 /* DessertDisplayerUITestsLaunchTests.swift */ = {isa = PBXFileReference; lastKnownFileType = sourcecode.swift; path = DessertDisplayerUITestsLaunchTests.swift; sourceTree = "<group>"; };
		C21E3B3E2A2DA60D003773A8 /* TheMealAPI.swift */ = {isa = PBXFileReference; lastKnownFileType = sourcecode.swift; path = TheMealAPI.swift; sourceTree = "<group>"; };
		C21E3B422A2EDEC3003773A8 /* MealListVC.swift */ = {isa = PBXFileReference; fileEncoding = 4; lastKnownFileType = sourcecode.swift; path = MealListVC.swift; sourceTree = "<group>"; };
		C2C7CB422A31AD35007A4AF6 /* InstructionVC.swift */ = {isa = PBXFileReference; lastKnownFileType = sourcecode.swift; path = InstructionVC.swift; sourceTree = "<group>"; };
		C2F5929A2A2FF95F00A4CFE3 /* MealVC.swift */ = {isa = PBXFileReference; lastKnownFileType = sourcecode.swift; path = MealVC.swift; sourceTree = "<group>"; };
/* End PBXFileReference section */

/* Begin PBXFrameworksBuildPhase section */
		C21E3B082A2DA507003773A8 /* Frameworks */ = {
			isa = PBXFrameworksBuildPhase;
			buildActionMask = 2147483647;
			files = (
			);
			runOnlyForDeploymentPostprocessing = 0;
		};
		C21E3B1E2A2DA508003773A8 /* Frameworks */ = {
			isa = PBXFrameworksBuildPhase;
			buildActionMask = 2147483647;
			files = (
			);
			runOnlyForDeploymentPostprocessing = 0;
		};
		C21E3B282A2DA508003773A8 /* Frameworks */ = {
			isa = PBXFrameworksBuildPhase;
			buildActionMask = 2147483647;
			files = (
			);
			runOnlyForDeploymentPostprocessing = 0;
		};
/* End PBXFrameworksBuildPhase section */

/* Begin PBXGroup section */
		C21E3B022A2DA507003773A8 = {
			isa = PBXGroup;
			children = (
				C21E3B0D2A2DA507003773A8 /* DessertDisplayer */,
				C21E3B242A2DA508003773A8 /* DessertDisplayerTests */,
				C21E3B2E2A2DA508003773A8 /* DessertDisplayerUITests */,
				C21E3B0C2A2DA507003773A8 /* Products */,
			);
			sourceTree = "<group>";
		};
		C21E3B0C2A2DA507003773A8 /* Products */ = {
			isa = PBXGroup;
			children = (
				C21E3B0B2A2DA507003773A8 /* DessertDisplayer.app */,
				C21E3B212A2DA508003773A8 /* DessertDisplayerTests.xctest */,
				C21E3B2B2A2DA508003773A8 /* DessertDisplayerUITests.xctest */,
			);
			name = Products;
			sourceTree = "<group>";
		};
		C21E3B0D2A2DA507003773A8 /* DessertDisplayer */ = {
			isa = PBXGroup;
			children = (
				C21E3B0E2A2DA507003773A8 /* AppDelegate.swift */,
				C21E3B102A2DA507003773A8 /* SceneDelegate.swift */,
				C21E3B422A2EDEC3003773A8 /* MealListVC.swift */,
				C2F5929A2A2FF95F00A4CFE3 /* MealVC.swift */,
				C21E3B142A2DA507003773A8 /* Main.storyboard */,
				C2C7CB422A31AD35007A4AF6 /* InstructionVC.swift */,
				C21E3B3E2A2DA60D003773A8 /* TheMealAPI.swift */,
				C21E3B172A2DA508003773A8 /* Assets.xcassets */,
				C21E3B192A2DA508003773A8 /* LaunchScreen.storyboard */,
				C21E3B1C2A2DA508003773A8 /* Info.plist */,
			);
			path = DessertDisplayer;
			sourceTree = "<group>";
		};
		C21E3B242A2DA508003773A8 /* DessertDisplayerTests */ = {
			isa = PBXGroup;
			children = (
				C21E3B252A2DA508003773A8 /* DessertDisplayerTests.swift */,
			);
			path = DessertDisplayerTests;
			sourceTree = "<group>";
		};
		C21E3B2E2A2DA508003773A8 /* DessertDisplayerUITests */ = {
			isa = PBXGroup;
			children = (
				C21E3B2F2A2DA508003773A8 /* DessertDisplayerUITests.swift */,
				C21E3B312A2DA508003773A8 /* DessertDisplayerUITestsLaunchTests.swift */,
			);
			path = DessertDisplayerUITests;
			sourceTree = "<group>";
		};
/* End PBXGroup section */

/* Begin PBXNativeTarget section */
		C21E3B0A2A2DA507003773A8 /* DessertDisplayer */ = {
			isa = PBXNativeTarget;
			buildConfigurationList = C21E3B352A2DA508003773A8 /* Build configuration list for PBXNativeTarget "DessertDisplayer" */;
			buildPhases = (
				C21E3B072A2DA507003773A8 /* Sources */,
				C21E3B082A2DA507003773A8 /* Frameworks */,
				C21E3B092A2DA507003773A8 /* Resources */,
			);
			buildRules = (
			);
			dependencies = (
			);
			name = DessertDisplayer;
			productName = DessertDisplayer;
			productReference = C21E3B0B2A2DA507003773A8 /* DessertDisplayer.app */;
			productType = "com.apple.product-type.application";
		};
		C21E3B202A2DA508003773A8 /* DessertDisplayerTests */ = {
			isa = PBXNativeTarget;
			buildConfigurationList = C21E3B382A2DA508003773A8 /* Build configuration list for PBXNativeTarget "DessertDisplayerTests" */;
			buildPhases = (
				C21E3B1D2A2DA508003773A8 /* Sources */,
				C21E3B1E2A2DA508003773A8 /* Frameworks */,
				C21E3B1F2A2DA508003773A8 /* Resources */,
			);
			buildRules = (
			);
			dependencies = (
				C21E3B232A2DA508003773A8 /* PBXTargetDependency */,
			);
			name = DessertDisplayerTests;
			productName = DessertDisplayerTests;
			productReference = C21E3B212A2DA508003773A8 /* DessertDisplayerTests.xctest */;
			productType = "com.apple.product-type.bundle.unit-test";
		};
		C21E3B2A2A2DA508003773A8 /* DessertDisplayerUITests */ = {
			isa = PBXNativeTarget;
			buildConfigurationList = C21E3B3B2A2DA508003773A8 /* Build configuration list for PBXNativeTarget "DessertDisplayerUITests" */;
			buildPhases = (
				C21E3B272A2DA508003773A8 /* Sources */,
				C21E3B282A2DA508003773A8 /* Frameworks */,
				C21E3B292A2DA508003773A8 /* Resources */,
			);
			buildRules = (
			);
			dependencies = (
				C21E3B2D2A2DA508003773A8 /* PBXTargetDependency */,
			);
			name = DessertDisplayerUITests;
			productName = DessertDisplayerUITests;
			productReference = C21E3B2B2A2DA508003773A8 /* DessertDisplayerUITests.xctest */;
			productType = "com.apple.product-type.bundle.ui-testing";
		};
/* End PBXNativeTarget section */

/* Begin PBXProject section */
		C21E3B032A2DA507003773A8 /* Project object */ = {
			isa = PBXProject;
			attributes = {
				BuildIndependentTargetsInParallel = 1;
				LastSwiftUpdateCheck = 1430;
				LastUpgradeCheck = 1430;
				TargetAttributes = {
					C21E3B0A2A2DA507003773A8 = {
						CreatedOnToolsVersion = 14.3;
					};
					C21E3B202A2DA508003773A8 = {
						CreatedOnToolsVersion = 14.3;
						TestTargetID = C21E3B0A2A2DA507003773A8;
					};
					C21E3B2A2A2DA508003773A8 = {
						CreatedOnToolsVersion = 14.3;
						TestTargetID = C21E3B0A2A2DA507003773A8;
					};
				};
			};
			buildConfigurationList = C21E3B062A2DA507003773A8 /* Build configuration list for PBXProject "DessertDisplayer" */;
			compatibilityVersion = "Xcode 14.0";
			developmentRegion = en;
			hasScannedForEncodings = 0;
			knownRegions = (
				en,
				Base,
			);
			mainGroup = C21E3B022A2DA507003773A8;
			productRefGroup = C21E3B0C2A2DA507003773A8 /* Products */;
			projectDirPath = "";
			projectRoot = "";
			targets = (
				C21E3B0A2A2DA507003773A8 /* DessertDisplayer */,
				C21E3B202A2DA508003773A8 /* DessertDisplayerTests */,
				C21E3B2A2A2DA508003773A8 /* DessertDisplayerUITests */,
			);
		};
/* End PBXProject section */

/* Begin PBXResourcesBuildPhase section */
		C21E3B092A2DA507003773A8 /* Resources */ = {
			isa = PBXResourcesBuildPhase;
			buildActionMask = 2147483647;
			files = (
				C21E3B1B2A2DA508003773A8 /* LaunchScreen.storyboard in Resources */,
				C21E3B182A2DA508003773A8 /* Assets.xcassets in Resources */,
				C21E3B162A2DA507003773A8 /* Main.storyboard in Resources */,
			);
			runOnlyForDeploymentPostprocessing = 0;
		};
		C21E3B1F2A2DA508003773A8 /* Resources */ = {
			isa = PBXResourcesBuildPhase;
			buildActionMask = 2147483647;
			files = (
			);
			runOnlyForDeploymentPostprocessing = 0;
		};
		C21E3B292A2DA508003773A8 /* Resources */ = {
			isa = PBXResourcesBuildPhase;
			buildActionMask = 2147483647;
			files = (
			);
			runOnlyForDeploymentPostprocessing = 0;
		};
/* End PBXResourcesBuildPhase section */

/* Begin PBXSourcesBuildPhase section */
		C21E3B072A2DA507003773A8 /* Sources */ = {
			isa = PBXSourcesBuildPhase;
			buildActionMask = 2147483647;
			files = (
				C21E3B432A2EDEC3003773A8 /* MealListVC.swift in Sources */,
				C21E3B3F2A2DA60D003773A8 /* TheMealAPI.swift in Sources */,
				C21E3B0F2A2DA507003773A8 /* AppDelegate.swift in Sources */,
				C2C7CB432A31AD35007A4AF6 /* InstructionVC.swift in Sources */,
				C21E3B112A2DA507003773A8 /* SceneDelegate.swift in Sources */,
				C2F5929B2A2FF95F00A4CFE3 /* MealVC.swift in Sources */,
			);
			runOnlyForDeploymentPostprocessing = 0;
		};
		C21E3B1D2A2DA508003773A8 /* Sources */ = {
			isa = PBXSourcesBuildPhase;
			buildActionMask = 2147483647;
			files = (
				C21E3B262A2DA508003773A8 /* DessertDisplayerTests.swift in Sources */,
			);
			runOnlyForDeploymentPostprocessing = 0;
		};
		C21E3B272A2DA508003773A8 /* Sources */ = {
			isa = PBXSourcesBuildPhase;
			buildActionMask = 2147483647;
			files = (
				C21E3B302A2DA508003773A8 /* DessertDisplayerUITests.swift in Sources */,
				C21E3B322A2DA508003773A8 /* DessertDisplayerUITestsLaunchTests.swift in Sources */,
			);
			runOnlyForDeploymentPostprocessing = 0;
		};
/* End PBXSourcesBuildPhase section */

/* Begin PBXTargetDependency section */
		C21E3B232A2DA508003773A8 /* PBXTargetDependency */ = {
			isa = PBXTargetDependency;
			target = C21E3B0A2A2DA507003773A8 /* DessertDisplayer */;
			targetProxy = C21E3B222A2DA508003773A8 /* PBXContainerItemProxy */;
		};
		C21E3B2D2A2DA508003773A8 /* PBXTargetDependency */ = {
			isa = PBXTargetDependency;
			target = C21E3B0A2A2DA507003773A8 /* DessertDisplayer */;
			targetProxy = C21E3B2C2A2DA508003773A8 /* PBXContainerItemProxy */;
		};
/* End PBXTargetDependency section */

/* Begin PBXVariantGroup section */
		C21E3B142A2DA507003773A8 /* Main.storyboard */ = {
			isa = PBXVariantGroup;
			children = (
				C21E3B152A2DA507003773A8 /* Base */,
			);
			name = Main.storyboard;
			sourceTree = "<group>";
		};
		C21E3B192A2DA508003773A8 /* LaunchScreen.storyboard */ = {
			isa = PBXVariantGroup;
			children = (
				C21E3B1A2A2DA508003773A8 /* Base */,
			);
			name = LaunchScreen.storyboard;
			sourceTree = "<group>";
		};
/* End PBXVariantGroup section */

/* Begin XCBuildConfiguration section */
		C21E3B332A2DA508003773A8 /* Debug */ = {
			isa = XCBuildConfiguration;
			buildSettings = {
				ALWAYS_SEARCH_USER_PATHS = NO;
				CLANG_ANALYZER_NONNULL = YES;
				CLANG_ANALYZER_NUMBER_OBJECT_CONVERSION = YES_AGGRESSIVE;
				CLANG_CXX_LANGUAGE_STANDARD = "gnu++20";
				CLANG_ENABLE_MODULES = YES;
				CLANG_ENABLE_OBJC_ARC = YES;
				CLANG_ENABLE_OBJC_WEAK = YES;
				CLANG_WARN_BLOCK_CAPTURE_AUTORELEASING = YES;
				CLANG_WARN_BOOL_CONVERSION = YES;
				CLANG_WARN_COMMA = YES;
				CLANG_WARN_CONSTANT_CONVERSION = YES;
				CLANG_WARN_DEPRECATED_OBJC_IMPLEMENTATIONS = YES;
				CLANG_WARN_DIRECT_OBJC_ISA_USAGE = YES_ERROR;
				CLANG_WARN_DOCUMENTATION_COMMENTS = YES;
				CLANG_WARN_EMPTY_BODY = YES;
				CLANG_WARN_ENUM_CONVERSION = YES;
				CLANG_WARN_INFINITE_RECURSION = YES;
				CLANG_WARN_INT_CONVERSION = YES;
				CLANG_WARN_NON_LITERAL_NULL_CONVERSION = YES;
				CLANG_WARN_OBJC_IMPLICIT_RETAIN_SELF = YES;
				CLANG_WARN_OBJC_LITERAL_CONVERSION = YES;
				CLANG_WARN_OBJC_ROOT_CLASS = YES_ERROR;
				CLANG_WARN_QUOTED_INCLUDE_IN_FRAMEWORK_HEADER = YES;
				CLANG_WARN_RANGE_LOOP_ANALYSIS = YES;
				CLANG_WARN_STRICT_PROTOTYPES = YES;
				CLANG_WARN_SUSPICIOUS_MOVE = YES;
				CLANG_WARN_UNGUARDED_AVAILABILITY = YES_AGGRESSIVE;
				CLANG_WARN_UNREACHABLE_CODE = YES;
				CLANG_WARN__DUPLICATE_METHOD_MATCH = YES;
				COPY_PHASE_STRIP = NO;
				DEBUG_INFORMATION_FORMAT = dwarf;
				ENABLE_STRICT_OBJC_MSGSEND = YES;
				ENABLE_TESTABILITY = YES;
				GCC_C_LANGUAGE_STANDARD = gnu11;
				GCC_DYNAMIC_NO_PIC = NO;
				GCC_NO_COMMON_BLOCKS = YES;
				GCC_OPTIMIZATION_LEVEL = 0;
				GCC_PREPROCESSOR_DEFINITIONS = (
					"DEBUG=1",
					"$(inherited)",
				);
				GCC_WARN_64_TO_32_BIT_CONVERSION = YES;
				GCC_WARN_ABOUT_RETURN_TYPE = YES_ERROR;
				GCC_WARN_UNDECLARED_SELECTOR = YES;
				GCC_WARN_UNINITIALIZED_AUTOS = YES_AGGRESSIVE;
				GCC_WARN_UNUSED_FUNCTION = YES;
				GCC_WARN_UNUSED_VARIABLE = YES;
				IPHONEOS_DEPLOYMENT_TARGET = 16.4;
				MTL_ENABLE_DEBUG_INFO = INCLUDE_SOURCE;
				MTL_FAST_MATH = YES;
				ONLY_ACTIVE_ARCH = YES;
				SDKROOT = iphoneos;
				SWIFT_ACTIVE_COMPILATION_CONDITIONS = DEBUG;
				SWIFT_OPTIMIZATION_LEVEL = "-Onone";
			};
			name = Debug;
		};
		C21E3B342A2DA508003773A8 /* Release */ = {
			isa = XCBuildConfiguration;
			buildSettings = {
				ALWAYS_SEARCH_USER_PATHS = NO;
				CLANG_ANALYZER_NONNULL = YES;
				CLANG_ANALYZER_NUMBER_OBJECT_CONVERSION = YES_AGGRESSIVE;
				CLANG_CXX_LANGUAGE_STANDARD = "gnu++20";
				CLANG_ENABLE_MODULES = YES;
				CLANG_ENABLE_OBJC_ARC = YES;
				CLANG_ENABLE_OBJC_WEAK = YES;
				CLANG_WARN_BLOCK_CAPTURE_AUTORELEASING = YES;
				CLANG_WARN_BOOL_CONVERSION = YES;
				CLANG_WARN_COMMA = YES;
				CLANG_WARN_CONSTANT_CONVERSION = YES;
				CLANG_WARN_DEPRECATED_OBJC_IMPLEMENTATIONS = YES;
				CLANG_WARN_DIRECT_OBJC_ISA_USAGE = YES_ERROR;
				CLANG_WARN_DOCUMENTATION_COMMENTS = YES;
				CLANG_WARN_EMPTY_BODY = YES;
				CLANG_WARN_ENUM_CONVERSION = YES;
				CLANG_WARN_INFINITE_RECURSION = YES;
				CLANG_WARN_INT_CONVERSION = YES;
				CLANG_WARN_NON_LITERAL_NULL_CONVERSION = YES;
				CLANG_WARN_OBJC_IMPLICIT_RETAIN_SELF = YES;
				CLANG_WARN_OBJC_LITERAL_CONVERSION = YES;
				CLANG_WARN_OBJC_ROOT_CLASS = YES_ERROR;
				CLANG_WARN_QUOTED_INCLUDE_IN_FRAMEWORK_HEADER = YES;
				CLANG_WARN_RANGE_LOOP_ANALYSIS = YES;
				CLANG_WARN_STRICT_PROTOTYPES = YES;
				CLANG_WARN_SUSPICIOUS_MOVE = YES;
				CLANG_WARN_UNGUARDED_AVAILABILITY = YES_AGGRESSIVE;
				CLANG_WARN_UNREACHABLE_CODE = YES;
				CLANG_WARN__DUPLICATE_METHOD_MATCH = YES;
				COPY_PHASE_STRIP = NO;
				DEBUG_INFORMATION_FORMAT = "dwarf-with-dsym";
				ENABLE_NS_ASSERTIONS = NO;
				ENABLE_STRICT_OBJC_MSGSEND = YES;
				GCC_C_LANGUAGE_STANDARD = gnu11;
				GCC_NO_COMMON_BLOCKS = YES;
				GCC_WARN_64_TO_32_BIT_CONVERSION = YES;
				GCC_WARN_ABOUT_RETURN_TYPE = YES_ERROR;
				GCC_WARN_UNDECLARED_SELECTOR = YES;
				GCC_WARN_UNINITIALIZED_AUTOS = YES_AGGRESSIVE;
				GCC_WARN_UNUSED_FUNCTION = YES;
				GCC_WARN_UNUSED_VARIABLE = YES;
				IPHONEOS_DEPLOYMENT_TARGET = 16.4;
				MTL_ENABLE_DEBUG_INFO = NO;
				MTL_FAST_MATH = YES;
				SDKROOT = iphoneos;
				SWIFT_COMPILATION_MODE = wholemodule;
				SWIFT_OPTIMIZATION_LEVEL = "-O";
				VALIDATE_PRODUCT = YES;
			};
			name = Release;
		};
		C21E3B362A2DA508003773A8 /* Debug */ = {
			isa = XCBuildConfiguration;
			buildSettings = {
				ASSETCATALOG_COMPILER_APPICON_NAME = AppIcon;
				ASSETCATALOG_COMPILER_GLOBAL_ACCENT_COLOR_NAME = AccentColor;
				CODE_SIGN_STYLE = Automatic;
				CURRENT_PROJECT_VERSION = 1;
				DEVELOPMENT_TEAM = KGEF3EE3A9;
				GENERATE_INFOPLIST_FILE = YES;
				INFOPLIST_FILE = DessertDisplayer/Info.plist;
				INFOPLIST_KEY_UIApplicationSupportsIndirectInputEvents = YES;
				INFOPLIST_KEY_UILaunchStoryboardName = LaunchScreen;
				INFOPLIST_KEY_UIMainStoryboardFile = Main;
				INFOPLIST_KEY_UISupportedInterfaceOrientations_iPad = "UIInterfaceOrientationPortrait UIInterfaceOrientationPortraitUpsideDown UIInterfaceOrientationLandscapeLeft UIInterfaceOrientationLandscapeRight";
				INFOPLIST_KEY_UISupportedInterfaceOrientations_iPhone = "UIInterfaceOrientationPortrait UIInterfaceOrientationLandscapeLeft UIInterfaceOrientationLandscapeRight";
				LD_RUNPATH_SEARCH_PATHS = (
					"$(inherited)",
					"@executable_path/Frameworks",
				);
				MARKETING_VERSION = 1.0;
				PRODUCT_BUNDLE_IDENTIFIER = com.MichaelWalter.DessertDisplayer;
				PRODUCT_NAME = "$(TARGET_NAME)";
				SWIFT_EMIT_LOC_STRINGS = YES;
				SWIFT_VERSION = 5.0;
				TARGETED_DEVICE_FAMILY = "1,2";
			};
			name = Debug;
		};
		C21E3B372A2DA508003773A8 /* Release */ = {
			isa = XCBuildConfiguration;
			buildSettings = {
				ASSETCATALOG_COMPILER_APPICON_NAME = AppIcon;
				ASSETCATALOG_COMPILER_GLOBAL_ACCENT_COLOR_NAME = AccentColor;
				CODE_SIGN_STYLE = Automatic;
				CURRENT_PROJECT_VERSION = 1;
				DEVELOPMENT_TEAM = KGEF3EE3A9;
				GENERATE_INFOPLIST_FILE = YES;
				INFOPLIST_FILE = DessertDisplayer/Info.plist;
				INFOPLIST_KEY_UIApplicationSupportsIndirectInputEvents = YES;
				INFOPLIST_KEY_UILaunchStoryboardName = LaunchScreen;
				INFOPLIST_KEY_UIMainStoryboardFile = Main;
				INFOPLIST_KEY_UISupportedInterfaceOrientations_iPad = "UIInterfaceOrientationPortrait UIInterfaceOrientationPortraitUpsideDown UIInterfaceOrientationLandscapeLeft UIInterfaceOrientationLandscapeRight";
				INFOPLIST_KEY_UISupportedInterfaceOrientations_iPhone = "UIInterfaceOrientationPortrait UIInterfaceOrientationLandscapeLeft UIInterfaceOrientationLandscapeRight";
				LD_RUNPATH_SEARCH_PATHS = (
					"$(inherited)",
					"@executable_path/Frameworks",
				);
				MARKETING_VERSION = 1.0;
				PRODUCT_BUNDLE_IDENTIFIER = com.MichaelWalter.DessertDisplayer;
				PRODUCT_NAME = "$(TARGET_NAME)";
				SWIFT_EMIT_LOC_STRINGS = YES;
				SWIFT_VERSION = 5.0;
				TARGETED_DEVICE_FAMILY = "1,2";
			};
			name = Release;
		};
		C21E3B392A2DA508003773A8 /* Debug */ = {
			isa = XCBuildConfiguration;
			buildSettings = {
				ALWAYS_EMBED_SWIFT_STANDARD_LIBRARIES = YES;
				BUNDLE_LOADER = "$(TEST_HOST)";
				CODE_SIGN_STYLE = Automatic;
				CURRENT_PROJECT_VERSION = 1;
				DEVELOPMENT_TEAM = KGEF3EE3A9;
				GENERATE_INFOPLIST_FILE = YES;
				IPHONEOS_DEPLOYMENT_TARGET = 16.4;
				MARKETING_VERSION = 1.0;
				PRODUCT_BUNDLE_IDENTIFIER = com.MichaelWalter.DessertDisplayerTests;
				PRODUCT_NAME = "$(TARGET_NAME)";
				SWIFT_EMIT_LOC_STRINGS = NO;
				SWIFT_VERSION = 5.0;
				TARGETED_DEVICE_FAMILY = "1,2";
				TEST_HOST = "$(BUILT_PRODUCTS_DIR)/DessertDisplayer.app/$(BUNDLE_EXECUTABLE_FOLDER_PATH)/DessertDisplayer";
			};
			name = Debug;
		};
		C21E3B3A2A2DA508003773A8 /* Release */ = {
			isa = XCBuildConfiguration;
			buildSettings = {
				ALWAYS_EMBED_SWIFT_STANDARD_LIBRARIES = YES;
				BUNDLE_LOADER = "$(TEST_HOST)";
				CODE_SIGN_STYLE = Automatic;
				CURRENT_PROJECT_VERSION = 1;
				DEVELOPMENT_TEAM = KGEF3EE3A9;
				GENERATE_INFOPLIST_FILE = YES;
				IPHONEOS_DEPLOYMENT_TARGET = 16.4;
				MARKETING_VERSION = 1.0;
				PRODUCT_BUNDLE_IDENTIFIER = com.MichaelWalter.DessertDisplayerTests;
				PRODUCT_NAME = "$(TARGET_NAME)";
				SWIFT_EMIT_LOC_STRINGS = NO;
				SWIFT_VERSION = 5.0;
				TARGETED_DEVICE_FAMILY = "1,2";
				TEST_HOST = "$(BUILT_PRODUCTS_DIR)/DessertDisplayer.app/$(BUNDLE_EXECUTABLE_FOLDER_PATH)/DessertDisplayer";
			};
			name = Release;
		};
		C21E3B3C2A2DA508003773A8 /* Debug */ = {
			isa = XCBuildConfiguration;
			buildSettings = {
				ALWAYS_EMBED_SWIFT_STANDARD_LIBRARIES = YES;
				CODE_SIGN_STYLE = Automatic;
				CURRENT_PROJECT_VERSION = 1;
				DEVELOPMENT_TEAM = KGEF3EE3A9;
				GENERATE_INFOPLIST_FILE = YES;
				MARKETING_VERSION = 1.0;
				PRODUCT_BUNDLE_IDENTIFIER = com.MichaelWalter.DessertDisplayerUITests;
				PRODUCT_NAME = "$(TARGET_NAME)";
				SWIFT_EMIT_LOC_STRINGS = NO;
				SWIFT_VERSION = 5.0;
				TARGETED_DEVICE_FAMILY = "1,2";
				TEST_TARGET_NAME = DessertDisplayer;
			};
			name = Debug;
		};
		C21E3B3D2A2DA508003773A8 /* Release */ = {
			isa = XCBuildConfiguration;
			buildSettings = {
				ALWAYS_EMBED_SWIFT_STANDARD_LIBRARIES = YES;
				CODE_SIGN_STYLE = Automatic;
				CURRENT_PROJECT_VERSION = 1;
				DEVELOPMENT_TEAM = KGEF3EE3A9;
				GENERATE_INFOPLIST_FILE = YES;
				MARKETING_VERSION = 1.0;
				PRODUCT_BUNDLE_IDENTIFIER = com.MichaelWalter.DessertDisplayerUITests;
				PRODUCT_NAME = "$(TARGET_NAME)";
				SWIFT_EMIT_LOC_STRINGS = NO;
				SWIFT_VERSION = 5.0;
				TARGETED_DEVICE_FAMILY = "1,2";
				TEST_TARGET_NAME = DessertDisplayer;
			};
			name = Release;
		};
/* End XCBuildConfiguration section */

/* Begin XCConfigurationList section */
		C21E3B062A2DA507003773A8 /* Build configuration list for PBXProject "DessertDisplayer" */ = {
			isa = XCConfigurationList;
			buildConfigurations = (
				C21E3B332A2DA508003773A8 /* Debug */,
				C21E3B342A2DA508003773A8 /* Release */,
			);
			defaultConfigurationIsVisible = 0;
			defaultConfigurationName = Release;
		};
		C21E3B352A2DA508003773A8 /* Build configuration list for PBXNativeTarget "DessertDisplayer" */ = {
			isa = XCConfigurationList;
			buildConfigurations = (
				C21E3B362A2DA508003773A8 /* Debug */,
				C21E3B372A2DA508003773A8 /* Release */,
			);
			defaultConfigurationIsVisible = 0;
			defaultConfigurationName = Release;
		};
		C21E3B382A2DA508003773A8 /* Build configuration list for PBXNativeTarget "DessertDisplayerTests" */ = {
			isa = XCConfigurationList;
			buildConfigurations = (
				C21E3B392A2DA508003773A8 /* Debug */,
				C21E3B3A2A2DA508003773A8 /* Release */,
			);
			defaultConfigurationIsVisible = 0;
			defaultConfigurationName = Release;
		};
		C21E3B3B2A2DA508003773A8 /* Build configuration list for PBXNativeTarget "DessertDisplayerUITests" */ = {
			isa = XCConfigurationList;
			buildConfigurations = (
				C21E3B3C2A2DA508003773A8 /* Debug */,
				C21E3B3D2A2DA508003773A8 /* Release */,
			);
			defaultConfigurationIsVisible = 0;
			defaultConfigurationName = Release;
		};
/* End XCConfigurationList section */
	};
	rootObject = C21E3B032A2DA507003773A8 /* Project object */;
}
